// !$*UTF8*$!
{
	archiveVersion = 1;
	classes = {
	};
	objectVersion = 56;
	objects = {

/* Begin PBXBuildFile section */
		3E79870C2C86DF8F00B23691 /* MLBLiveApp.swift in Sources */ = {isa = PBXBuildFile; fileRef = 3E79870B2C86DF8F00B23691 /* MLBLiveApp.swift */; };
		3E79870E2C86DF8F00B23691 /* ContentView.swift in Sources */ = {isa = PBXBuildFile; fileRef = 3E79870D2C86DF8F00B23691 /* ContentView.swift */; };
		3E7987102C86DF9000B23691 /* Assets.xcassets in Resources */ = {isa = PBXBuildFile; fileRef = 3E79870F2C86DF9000B23691 /* Assets.xcassets */; };
		3E7987132C86DF9000B23691 /* Preview Assets.xcassets in Resources */ = {isa = PBXBuildFile; fileRef = 3E7987122C86DF9000B23691 /* Preview Assets.xcassets */; };
		3E79873A2C86E2C600B23691 /* WidgetKit.framework in Frameworks */ = {isa = PBXBuildFile; fileRef = 3E7987202C86E02F00B23691 /* WidgetKit.framework */; };
		3E79873B2C86E2C600B23691 /* SwiftUI.framework in Frameworks */ = {isa = PBXBuildFile; fileRef = 3E7987222C86E02F00B23691 /* SwiftUI.framework */; };
		3E79873E2C86E2C600B23691 /* LiveWidgetBundle.swift in Sources */ = {isa = PBXBuildFile; fileRef = 3E79873D2C86E2C600B23691 /* LiveWidgetBundle.swift */; };
		3E7987402C86E2C600B23691 /* LiveWidgetLiveActivity.swift in Sources */ = {isa = PBXBuildFile; fileRef = 3E79873F2C86E2C600B23691 /* LiveWidgetLiveActivity.swift */; };
		3E7987442C86E2C800B23691 /* Assets.xcassets in Resources */ = {isa = PBXBuildFile; fileRef = 3E7987432C86E2C800B23691 /* Assets.xcassets */; };
		3E7987482C86E2C800B23691 /* LiveWidgetExtension.appex in Embed Foundation Extensions */ = {isa = PBXBuildFile; fileRef = 3E7987392C86E2C600B23691 /* LiveWidgetExtension.appex */; settings = {ATTRIBUTES = (RemoveHeadersOnCopy, ); }; };
		3E79874D2C86E58400B23691 /* MLBLiveAttributes.swift in Sources */ = {isa = PBXBuildFile; fileRef = 3E79874C2C86E58400B23691 /* MLBLiveAttributes.swift */; };
		3E79874E2C86E5A500B23691 /* MLBLiveAttributes.swift in Sources */ = {isa = PBXBuildFile; fileRef = 3E79874C2C86E58400B23691 /* MLBLiveAttributes.swift */; };
/* End PBXBuildFile section */

/* Begin PBXContainerItemProxy section */
		3E7987462C86E2C800B23691 /* PBXContainerItemProxy */ = {
			isa = PBXContainerItemProxy;
			containerPortal = 3E7987002C86DF8F00B23691 /* Project object */;
			proxyType = 1;
			remoteGlobalIDString = 3E7987382C86E2C600B23691;
			remoteInfo = LiveWidgetExtension;
		};
/* End PBXContainerItemProxy section */

/* Begin PBXCopyFilesBuildPhase section */
		3E7987342C86E03000B23691 /* Embed Foundation Extensions */ = {
			isa = PBXCopyFilesBuildPhase;
			buildActionMask = 2147483647;
			dstPath = "";
			dstSubfolderSpec = 13;
			files = (
				3E7987482C86E2C800B23691 /* LiveWidgetExtension.appex in Embed Foundation Extensions */,
			);
			name = "Embed Foundation Extensions";
			runOnlyForDeploymentPostprocessing = 0;
		};
/* End PBXCopyFilesBuildPhase section */

/* Begin PBXFileReference section */
		3E7987082C86DF8F00B23691 /* MLBLive.app */ = {isa = PBXFileReference; explicitFileType = wrapper.application; includeInIndex = 0; path = MLBLive.app; sourceTree = BUILT_PRODUCTS_DIR; };
		3E79870B2C86DF8F00B23691 /* MLBLiveApp.swift */ = {isa = PBXFileReference; lastKnownFileType = sourcecode.swift; path = MLBLiveApp.swift; sourceTree = "<group>"; };
		3E79870D2C86DF8F00B23691 /* ContentView.swift */ = {isa = PBXFileReference; lastKnownFileType = sourcecode.swift; path = ContentView.swift; sourceTree = "<group>"; };
		3E79870F2C86DF9000B23691 /* Assets.xcassets */ = {isa = PBXFileReference; lastKnownFileType = folder.assetcatalog; path = Assets.xcassets; sourceTree = "<group>"; };
		3E7987122C86DF9000B23691 /* Preview Assets.xcassets */ = {isa = PBXFileReference; lastKnownFileType = folder.assetcatalog; path = "Preview Assets.xcassets"; sourceTree = "<group>"; };
		3E7987192C86DFD200B23691 /* MLBLive.entitlements */ = {isa = PBXFileReference; lastKnownFileType = text.plist.entitlements; path = MLBLive.entitlements; sourceTree = "<group>"; };
		3E7987202C86E02F00B23691 /* WidgetKit.framework */ = {isa = PBXFileReference; lastKnownFileType = wrapper.framework; name = WidgetKit.framework; path = System/Library/Frameworks/WidgetKit.framework; sourceTree = SDKROOT; };
		3E7987222C86E02F00B23691 /* SwiftUI.framework */ = {isa = PBXFileReference; lastKnownFileType = wrapper.framework; name = SwiftUI.framework; path = System/Library/Frameworks/SwiftUI.framework; sourceTree = SDKROOT; };
		3E7987392C86E2C600B23691 /* LiveWidgetExtension.appex */ = {isa = PBXFileReference; explicitFileType = "wrapper.app-extension"; includeInIndex = 0; path = LiveWidgetExtension.appex; sourceTree = BUILT_PRODUCTS_DIR; };
		3E79873D2C86E2C600B23691 /* LiveWidgetBundle.swift */ = {isa = PBXFileReference; lastKnownFileType = sourcecode.swift; path = LiveWidgetBundle.swift; sourceTree = "<group>"; };
		3E79873F2C86E2C600B23691 /* LiveWidgetLiveActivity.swift */ = {isa = PBXFileReference; lastKnownFileType = sourcecode.swift; path = LiveWidgetLiveActivity.swift; sourceTree = "<group>"; };
		3E7987432C86E2C800B23691 /* Assets.xcassets */ = {isa = PBXFileReference; lastKnownFileType = folder.assetcatalog; path = Assets.xcassets; sourceTree = "<group>"; };
		3E7987452C86E2C800B23691 /* Info.plist */ = {isa = PBXFileReference; lastKnownFileType = text.plist.xml; path = Info.plist; sourceTree = "<group>"; };
		3E79874C2C86E58400B23691 /* MLBLiveAttributes.swift */ = {isa = PBXFileReference; lastKnownFileType = sourcecode.swift; path = MLBLiveAttributes.swift; sourceTree = "<group>"; };
/* End PBXFileReference section */

/* Begin PBXFrameworksBuildPhase section */
		3E7987052C86DF8F00B23691 /* Frameworks */ = {
			isa = PBXFrameworksBuildPhase;
			buildActionMask = 2147483647;
			files = (
			);
			runOnlyForDeploymentPostprocessing = 0;
		};
		3E7987362C86E2C600B23691 /* Frameworks */ = {
			isa = PBXFrameworksBuildPhase;
			buildActionMask = 2147483647;
			files = (
				3E79873B2C86E2C600B23691 /* SwiftUI.framework in Frameworks */,
				3E79873A2C86E2C600B23691 /* WidgetKit.framework in Frameworks */,
			);
			runOnlyForDeploymentPostprocessing = 0;
		};
/* End PBXFrameworksBuildPhase section */

/* Begin PBXGroup section */
		3E7986FF2C86DF8F00B23691 = {
			isa = PBXGroup;
			children = (
				3E79870A2C86DF8F00B23691 /* MLBLive */,
				3E79873C2C86E2C600B23691 /* LiveWidget */,
				3E79871F2C86E02F00B23691 /* Frameworks */,
				3E7987092C86DF8F00B23691 /* Products */,
			);
			sourceTree = "<group>";
		};
		3E7987092C86DF8F00B23691 /* Products */ = {
			isa = PBXGroup;
			children = (
				3E7987082C86DF8F00B23691 /* MLBLive.app */,
				3E7987392C86E2C600B23691 /* LiveWidgetExtension.appex */,
			);
			name = Products;
			sourceTree = "<group>";
		};
		3E79870A2C86DF8F00B23691 /* MLBLive */ = {
			isa = PBXGroup;
			children = (
				3E7987192C86DFD200B23691 /* MLBLive.entitlements */,
				3E79870B2C86DF8F00B23691 /* MLBLiveApp.swift */,
				3E79870D2C86DF8F00B23691 /* ContentView.swift */,
				3E79874C2C86E58400B23691 /* MLBLiveAttributes.swift */,
				3E79870F2C86DF9000B23691 /* Assets.xcassets */,
				3E7987112C86DF9000B23691 /* Preview Content */,
			);
			path = MLBLive;
			sourceTree = "<group>";
		};
		3E7987112C86DF9000B23691 /* Preview Content */ = {
			isa = PBXGroup;
			children = (
				3E7987122C86DF9000B23691 /* Preview Assets.xcassets */,
			);
			path = "Preview Content";
			sourceTree = "<group>";
		};
		3E79871F2C86E02F00B23691 /* Frameworks */ = {
			isa = PBXGroup;
			children = (
				3E7987202C86E02F00B23691 /* WidgetKit.framework */,
				3E7987222C86E02F00B23691 /* SwiftUI.framework */,
			);
			name = Frameworks;
			sourceTree = "<group>";
		};
		3E79873C2C86E2C600B23691 /* LiveWidget */ = {
			isa = PBXGroup;
			children = (
				3E79873D2C86E2C600B23691 /* LiveWidgetBundle.swift */,
				3E79873F2C86E2C600B23691 /* LiveWidgetLiveActivity.swift */,
				3E7987432C86E2C800B23691 /* Assets.xcassets */,
				3E7987452C86E2C800B23691 /* Info.plist */,
			);
			path = LiveWidget;
			sourceTree = "<group>";
		};
/* End PBXGroup section */

/* Begin PBXNativeTarget section */
		3E7987072C86DF8F00B23691 /* MLBLive */ = {
			isa = PBXNativeTarget;
			buildConfigurationList = 3E7987162C86DF9000B23691 /* Build configuration list for PBXNativeTarget "MLBLive" */;
			buildPhases = (
				3E7987042C86DF8F00B23691 /* Sources */,
				3E7987052C86DF8F00B23691 /* Frameworks */,
				3E7987062C86DF8F00B23691 /* Resources */,
				3E7987342C86E03000B23691 /* Embed Foundation Extensions */,
			);
			buildRules = (
			);
			dependencies = (
				3E7987472C86E2C800B23691 /* PBXTargetDependency */,
			);
			name = MLBLive;
			productName = MLBLive;
			productReference = 3E7987082C86DF8F00B23691 /* MLBLive.app */;
			productType = "com.apple.product-type.application";
		};
		3E7987382C86E2C600B23691 /* LiveWidgetExtension */ = {
			isa = PBXNativeTarget;
			buildConfigurationList = 3E7987492C86E2C800B23691 /* Build configuration list for PBXNativeTarget "LiveWidgetExtension" */;
			buildPhases = (
				3E7987352C86E2C600B23691 /* Sources */,
				3E7987362C86E2C600B23691 /* Frameworks */,
				3E7987372C86E2C600B23691 /* Resources */,
			);
			buildRules = (
			);
			dependencies = (
			);
			name = LiveWidgetExtension;
			productName = LiveWidgetExtension;
			productReference = 3E7987392C86E2C600B23691 /* LiveWidgetExtension.appex */;
			productType = "com.apple.product-type.app-extension";
		};
/* End PBXNativeTarget section */

/* Begin PBXProject section */
		3E7987002C86DF8F00B23691 /* Project object */ = {
			isa = PBXProject;
			attributes = {
				BuildIndependentTargetsInParallel = 1;
				LastSwiftUpdateCheck = 1520;
				LastUpgradeCheck = 1520;
				TargetAttributes = {
					3E7987072C86DF8F00B23691 = {
						CreatedOnToolsVersion = 15.2;
					};
					3E7987382C86E2C600B23691 = {
						CreatedOnToolsVersion = 15.2;
					};
				};
			};
			buildConfigurationList = 3E7987032C86DF8F00B23691 /* Build configuration list for PBXProject "MLBLive" */;
			compatibilityVersion = "Xcode 14.0";
			developmentRegion = en;
			hasScannedForEncodings = 0;
			knownRegions = (
				en,
				Base,
			);
			mainGroup = 3E7986FF2C86DF8F00B23691;
			productRefGroup = 3E7987092C86DF8F00B23691 /* Products */;
			projectDirPath = "";
			projectRoot = "";
			targets = (
				3E7987072C86DF8F00B23691 /* MLBLive */,
				3E7987382C86E2C600B23691 /* LiveWidgetExtension */,
			);
		};
/* End PBXProject section */

/* Begin PBXResourcesBuildPhase section */
		3E7987062C86DF8F00B23691 /* Resources */ = {
			isa = PBXResourcesBuildPhase;
			buildActionMask = 2147483647;
			files = (
				3E7987132C86DF9000B23691 /* Preview Assets.xcassets in Resources */,
				3E7987102C86DF9000B23691 /* Assets.xcassets in Resources */,
			);
			runOnlyForDeploymentPostprocessing = 0;
		};
		3E7987372C86E2C600B23691 /* Resources */ = {
			isa = PBXResourcesBuildPhase;
			buildActionMask = 2147483647;
			files = (
				3E7987442C86E2C800B23691 /* Assets.xcassets in Resources */,
			);
			runOnlyForDeploymentPostprocessing = 0;
		};
/* End PBXResourcesBuildPhase section */

/* Begin PBXSourcesBuildPhase section */
		3E7987042C86DF8F00B23691 /* Sources */ = {
			isa = PBXSourcesBuildPhase;
			buildActionMask = 2147483647;
			files = (
				3E79870E2C86DF8F00B23691 /* ContentView.swift in Sources */,
				3E79870C2C86DF8F00B23691 /* MLBLiveApp.swift in Sources */,
				3E79874D2C86E58400B23691 /* MLBLiveAttributes.swift in Sources */,
			);
			runOnlyForDeploymentPostprocessing = 0;
		};
		3E7987352C86E2C600B23691 /* Sources */ = {
			isa = PBXSourcesBuildPhase;
			buildActionMask = 2147483647;
			files = (
				3E79874E2C86E5A500B23691 /* MLBLiveAttributes.swift in Sources */,
				3E7987402C86E2C600B23691 /* LiveWidgetLiveActivity.swift in Sources */,
				3E79873E2C86E2C600B23691 /* LiveWidgetBundle.swift in Sources */,
			);
			runOnlyForDeploymentPostprocessing = 0;
		};
/* End PBXSourcesBuildPhase section */

/* Begin PBXTargetDependency section */
		3E7987472C86E2C800B23691 /* PBXTargetDependency */ = {
			isa = PBXTargetDependency;
			target = 3E7987382C86E2C600B23691 /* LiveWidgetExtension */;
			targetProxy = 3E7987462C86E2C800B23691 /* PBXContainerItemProxy */;
		};
/* End PBXTargetDependency section */

/* Begin XCBuildConfiguration section */
		3E7987142C86DF9000B23691 /* Debug */ = {
			isa = XCBuildConfiguration;
			buildSettings = {
				ALWAYS_SEARCH_USER_PATHS = NO;
				ASSETCATALOG_COMPILER_GENERATE_SWIFT_ASSET_SYMBOL_EXTENSIONS = YES;
				CLANG_ANALYZER_NONNULL = YES;
				CLANG_ANALYZER_NUMBER_OBJECT_CONVERSION = YES_AGGRESSIVE;
				CLANG_CXX_LANGUAGE_STANDARD = "gnu++20";
				CLANG_ENABLE_MODULES = YES;
				CLANG_ENABLE_OBJC_ARC = YES;
				CLANG_ENABLE_OBJC_WEAK = YES;
				CLANG_WARN_BLOCK_CAPTURE_AUTORELEASING = YES;
				CLANG_WARN_BOOL_CONVERSION = YES;
				CLANG_WARN_COMMA = YES;
				CLANG_WARN_CONSTANT_CONVERSION = YES;
				CLANG_WARN_DEPRECATED_OBJC_IMPLEMENTATIONS = YES;
				CLANG_WARN_DIRECT_OBJC_ISA_USAGE = YES_ERROR;
				CLANG_WARN_DOCUMENTATION_COMMENTS = YES;
				CLANG_WARN_EMPTY_BODY = YES;
				CLANG_WARN_ENUM_CONVERSION = YES;
				CLANG_WARN_INFINITE_RECURSION = YES;
				CLANG_WARN_INT_CONVERSION = YES;
				CLANG_WARN_NON_LITERAL_NULL_CONVERSION = YES;
				CLANG_WARN_OBJC_IMPLICIT_RETAIN_SELF = YES;
				CLANG_WARN_OBJC_LITERAL_CONVERSION = YES;
				CLANG_WARN_OBJC_ROOT_CLASS = YES_ERROR;
				CLANG_WARN_QUOTED_INCLUDE_IN_FRAMEWORK_HEADER = YES;
				CLANG_WARN_RANGE_LOOP_ANALYSIS = YES;
				CLANG_WARN_STRICT_PROTOTYPES = YES;
				CLANG_WARN_SUSPICIOUS_MOVE = YES;
				CLANG_WARN_UNGUARDED_AVAILABILITY = YES_AGGRESSIVE;
				CLANG_WARN_UNREACHABLE_CODE = YES;
				CLANG_WARN__DUPLICATE_METHOD_MATCH = YES;
				COPY_PHASE_STRIP = NO;
				DEBUG_INFORMATION_FORMAT = dwarf;
				ENABLE_STRICT_OBJC_MSGSEND = YES;
				ENABLE_TESTABILITY = YES;
				ENABLE_USER_SCRIPT_SANDBOXING = YES;
				GCC_C_LANGUAGE_STANDARD = gnu17;
				GCC_DYNAMIC_NO_PIC = NO;
				GCC_NO_COMMON_BLOCKS = YES;
				GCC_OPTIMIZATION_LEVEL = 0;
				GCC_PREPROCESSOR_DEFINITIONS = (
					"DEBUG=1",
					"$(inherited)",
				);
				GCC_WARN_64_TO_32_BIT_CONVERSION = YES;
				GCC_WARN_ABOUT_RETURN_TYPE = YES_ERROR;
				GCC_WARN_UNDECLARED_SELECTOR = YES;
				GCC_WARN_UNINITIALIZED_AUTOS = YES_AGGRESSIVE;
				GCC_WARN_UNUSED_FUNCTION = YES;
				GCC_WARN_UNUSED_VARIABLE = YES;
				IPHONEOS_DEPLOYMENT_TARGET = 17.2;
				LOCALIZATION_PREFERS_STRING_CATALOGS = YES;
				MTL_ENABLE_DEBUG_INFO = INCLUDE_SOURCE;
				MTL_FAST_MATH = YES;
				ONLY_ACTIVE_ARCH = YES;
				SDKROOT = iphoneos;
				SWIFT_ACTIVE_COMPILATION_CONDITIONS = "DEBUG $(inherited)";
				SWIFT_OPTIMIZATION_LEVEL = "-Onone";
			};
			name = Debug;
		};
		3E7987152C86DF9000B23691 /* Release */ = {
			isa = XCBuildConfiguration;
			buildSettings = {
				ALWAYS_SEARCH_USER_PATHS = NO;
				ASSETCATALOG_COMPILER_GENERATE_SWIFT_ASSET_SYMBOL_EXTENSIONS = YES;
				CLANG_ANALYZER_NONNULL = YES;
				CLANG_ANALYZER_NUMBER_OBJECT_CONVERSION = YES_AGGRESSIVE;
				CLANG_CXX_LANGUAGE_STANDARD = "gnu++20";
				CLANG_ENABLE_MODULES = YES;
				CLANG_ENABLE_OBJC_ARC = YES;
				CLANG_ENABLE_OBJC_WEAK = YES;
				CLANG_WARN_BLOCK_CAPTURE_AUTORELEASING = YES;
				CLANG_WARN_BOOL_CONVERSION = YES;
				CLANG_WARN_COMMA = YES;
				CLANG_WARN_CONSTANT_CONVERSION = YES;
				CLANG_WARN_DEPRECATED_OBJC_IMPLEMENTATIONS = YES;
				CLANG_WARN_DIRECT_OBJC_ISA_USAGE = YES_ERROR;
				CLANG_WARN_DOCUMENTATION_COMMENTS = YES;
				CLANG_WARN_EMPTY_BODY = YES;
				CLANG_WARN_ENUM_CONVERSION = YES;
				CLANG_WARN_INFINITE_RECURSION = YES;
				CLANG_WARN_INT_CONVERSION = YES;
				CLANG_WARN_NON_LITERAL_NULL_CONVERSION = YES;
				CLANG_WARN_OBJC_IMPLICIT_RETAIN_SELF = YES;
				CLANG_WARN_OBJC_LITERAL_CONVERSION = YES;
				CLANG_WARN_OBJC_ROOT_CLASS = YES_ERROR;
				CLANG_WARN_QUOTED_INCLUDE_IN_FRAMEWORK_HEADER = YES;
				CLANG_WARN_RANGE_LOOP_ANALYSIS = YES;
				CLANG_WARN_STRICT_PROTOTYPES = YES;
				CLANG_WARN_SUSPICIOUS_MOVE = YES;
				CLANG_WARN_UNGUARDED_AVAILABILITY = YES_AGGRESSIVE;
				CLANG_WARN_UNREACHABLE_CODE = YES;
				CLANG_WARN__DUPLICATE_METHOD_MATCH = YES;
				COPY_PHASE_STRIP = NO;
				DEBUG_INFORMATION_FORMAT = "dwarf-with-dsym";
				ENABLE_NS_ASSERTIONS = NO;
				ENABLE_STRICT_OBJC_MSGSEND = YES;
				ENABLE_USER_SCRIPT_SANDBOXING = YES;
				GCC_C_LANGUAGE_STANDARD = gnu17;
				GCC_NO_COMMON_BLOCKS = YES;
				GCC_WARN_64_TO_32_BIT_CONVERSION = YES;
				GCC_WARN_ABOUT_RETURN_TYPE = YES_ERROR;
				GCC_WARN_UNDECLARED_SELECTOR = YES;
				GCC_WARN_UNINITIALIZED_AUTOS = YES_AGGRESSIVE;
				GCC_WARN_UNUSED_FUNCTION = YES;
				GCC_WARN_UNUSED_VARIABLE = YES;
				IPHONEOS_DEPLOYMENT_TARGET = 17.2;
				LOCALIZATION_PREFERS_STRING_CATALOGS = YES;
				MTL_ENABLE_DEBUG_INFO = NO;
				MTL_FAST_MATH = YES;
				SDKROOT = iphoneos;
				SWIFT_COMPILATION_MODE = wholemodule;
				VALIDATE_PRODUCT = YES;
			};
			name = Release;
		};
		3E7987172C86DF9000B23691 /* Debug */ = {
			isa = XCBuildConfiguration;
			buildSettings = {
				ALWAYS_EMBED_SWIFT_STANDARD_LIBRARIES = YES;
				ASSETCATALOG_COMPILER_APPICON_NAME = AppIcon;
				ASSETCATALOG_COMPILER_GLOBAL_ACCENT_COLOR_NAME = AccentColor;
				CODE_SIGN_ENTITLEMENTS = MLBLive/MLBLive.entitlements;
				CODE_SIGN_STYLE = Automatic;
				CURRENT_PROJECT_VERSION = 1;
				DEVELOPMENT_ASSET_PATHS = "\"MLBLive/Preview Content\"";
				DEVELOPMENT_TEAM = 22F59WHQP8;
				ENABLE_PREVIEWS = YES;
				GENERATE_INFOPLIST_FILE = YES;
				INFOPLIST_KEY_NSSupportsLiveActivities = YES;
				INFOPLIST_KEY_UIApplicationSceneManifest_Generation = YES;
				INFOPLIST_KEY_UIApplicationSupportsIndirectInputEvents = YES;
				INFOPLIST_KEY_UILaunchScreen_Generation = YES;
				INFOPLIST_KEY_UISupportedInterfaceOrientations_iPad = "UIInterfaceOrientationPortrait UIInterfaceOrientationPortraitUpsideDown UIInterfaceOrientationLandscapeLeft UIInterfaceOrientationLandscapeRight";
				INFOPLIST_KEY_UISupportedInterfaceOrientations_iPhone = "UIInterfaceOrientationPortrait UIInterfaceOrientationLandscapeLeft UIInterfaceOrientationLandscapeRight";
				LD_RUNPATH_SEARCH_PATHS = (
					"$(inherited)",
					"@executable_path/Frameworks",
				);
				MARKETING_VERSION = 1.0;
				PRODUCT_BUNDLE_IDENTIFIER = com.woncheol.MLBLive;
				PRODUCT_NAME = "$(TARGET_NAME)";
				SWIFT_EMIT_LOC_STRINGS = YES;
				SWIFT_VERSION = 5.0;
				TARGETED_DEVICE_FAMILY = "1,2";
			};
			name = Debug;
		};
		3E7987182C86DF9000B23691 /* Release */ = {
			isa = XCBuildConfiguration;
			buildSettings = {
				ALWAYS_EMBED_SWIFT_STANDARD_LIBRARIES = YES;
				ASSETCATALOG_COMPILER_APPICON_NAME = AppIcon;
				ASSETCATALOG_COMPILER_GLOBAL_ACCENT_COLOR_NAME = AccentColor;
				CODE_SIGN_ENTITLEMENTS = MLBLive/MLBLive.entitlements;
				CODE_SIGN_STYLE = Automatic;
				CURRENT_PROJECT_VERSION = 1;
				DEVELOPMENT_ASSET_PATHS = "\"MLBLive/Preview Content\"";
				DEVELOPMENT_TEAM = 22F59WHQP8;
				ENABLE_PREVIEWS = YES;
				GENERATE_INFOPLIST_FILE = YES;
				INFOPLIST_KEY_NSSupportsLiveActivities = YES;
				INFOPLIST_KEY_UIApplicationSceneManifest_Generation = YES;
				INFOPLIST_KEY_UIApplicationSupportsIndirectInputEvents = YES;
				INFOPLIST_KEY_UILaunchScreen_Generation = YES;
				INFOPLIST_KEY_UISupportedInterfaceOrientations_iPad = "UIInterfaceOrientationPortrait UIInterfaceOrientationPortraitUpsideDown UIInterfaceOrientationLandscapeLeft UIInterfaceOrientationLandscapeRight";
				INFOPLIST_KEY_UISupportedInterfaceOrientations_iPhone = "UIInterfaceOrientationPortrait UIInterfaceOrientationLandscapeLeft UIInterfaceOrientationLandscapeRight";
				LD_RUNPATH_SEARCH_PATHS = (
					"$(inherited)",
					"@executable_path/Frameworks",
				);
				MARKETING_VERSION = 1.0;
				PRODUCT_BUNDLE_IDENTIFIER = com.woncheol.MLBLive;
				PRODUCT_NAME = "$(TARGET_NAME)";
				SWIFT_EMIT_LOC_STRINGS = YES;
				SWIFT_VERSION = 5.0;
				TARGETED_DEVICE_FAMILY = "1,2";
			};
			name = Release;
		};
		3E79874A2C86E2C800B23691 /* Debug */ = {
			isa = XCBuildConfiguration;
			buildSettings = {
				ASSETCATALOG_COMPILER_GLOBAL_ACCENT_COLOR_NAME = AccentColor;
				ASSETCATALOG_COMPILER_WIDGET_BACKGROUND_COLOR_NAME = WidgetBackground;
				CODE_SIGN_STYLE = Automatic;
				CURRENT_PROJECT_VERSION = 1;
				DEVELOPMENT_TEAM = 22F59WHQP8;
				GENERATE_INFOPLIST_FILE = YES;
				INFOPLIST_FILE = LiveWidget/Info.plist;
				INFOPLIST_KEY_CFBundleDisplayName = LiveWidget;
				INFOPLIST_KEY_NSHumanReadableCopyright = "";
				LD_RUNPATH_SEARCH_PATHS = (
					"$(inherited)",
					"@executable_path/Frameworks",
					"@executable_path/../../Frameworks",
				);
				MARKETING_VERSION = 1.0;
				PRODUCT_BUNDLE_IDENTIFIER = com.woncheol.MLBLive.LiveWidget;
				PRODUCT_NAME = "$(TARGET_NAME)";
				SKIP_INSTALL = YES;
				SWIFT_EMIT_LOC_STRINGS = YES;
				SWIFT_VERSION = 5.0;
				TARGETED_DEVICE_FAMILY = "1,2";
			};
			name = Debug;
		};
		3E79874B2C86E2C800B23691 /* Release */ = {
			isa = XCBuildConfiguration;
			buildSettings = {
				ASSETCATALOG_COMPILER_GLOBAL_ACCENT_COLOR_NAME = AccentColor;
				ASSETCATALOG_COMPILER_WIDGET_BACKGROUND_COLOR_NAME = WidgetBackground;
				CODE_SIGN_STYLE = Automatic;
				CURRENT_PROJECT_VERSION = 1;
				DEVELOPMENT_TEAM = 22F59WHQP8;
				GENERATE_INFOPLIST_FILE = YES;
				INFOPLIST_FILE = LiveWidget/Info.plist;
				INFOPLIST_KEY_CFBundleDisplayName = LiveWidget;
				INFOPLIST_KEY_NSHumanReadableCopyright = "";
				LD_RUNPATH_SEARCH_PATHS = (
					"$(inherited)",
					"@executable_path/Frameworks",
					"@executable_path/../../Frameworks",
				);
				MARKETING_VERSION = 1.0;
				PRODUCT_BUNDLE_IDENTIFIER = com.woncheol.MLBLive.LiveWidget;
				PRODUCT_NAME = "$(TARGET_NAME)";
				SKIP_INSTALL = YES;
				SWIFT_EMIT_LOC_STRINGS = YES;
				SWIFT_VERSION = 5.0;
				TARGETED_DEVICE_FAMILY = "1,2";
			};
			name = Release;
		};
/* End XCBuildConfiguration section */

/* Begin XCConfigurationList section */
		3E7987032C86DF8F00B23691 /* Build configuration list for PBXProject "MLBLive" */ = {
			isa = XCConfigurationList;
			buildConfigurations = (
				3E7987142C86DF9000B23691 /* Debug */,
				3E7987152C86DF9000B23691 /* Release */,
			);
			defaultConfigurationIsVisible = 0;
			defaultConfigurationName = Release;
		};
		3E7987162C86DF9000B23691 /* Build configuration list for PBXNativeTarget "MLBLive" */ = {
			isa = XCConfigurationList;
			buildConfigurations = (
				3E7987172C86DF9000B23691 /* Debug */,
				3E7987182C86DF9000B23691 /* Release */,
			);
			defaultConfigurationIsVisible = 0;
			defaultConfigurationName = Release;
		};
		3E7987492C86E2C800B23691 /* Build configuration list for PBXNativeTarget "LiveWidgetExtension" */ = {
			isa = XCConfigurationList;
			buildConfigurations = (
				3E79874A2C86E2C800B23691 /* Debug */,
				3E79874B2C86E2C800B23691 /* Release */,
			);
			defaultConfigurationIsVisible = 0;
			defaultConfigurationName = Release;
		};
/* End XCConfigurationList section */
	};
	rootObject = 3E7987002C86DF8F00B23691 /* Project object */;
}
